
Microsoft Visual Studio Solution File, Format Version 12.00
# Visual Studio Version 17
VisualStudioVersion = 17.11.35431.28
MinimumVisualStudioVersion = 10.0.40219.1
Project("{2150E333-8FDC-42A3-9474-1A3956D46DE8}") = "Core", "Core", "{7033A246-4615-440B-8E6D-B444F5116FE3}"
EndProject
Project("{9A19103F-16F7-4668-BE54-9A1E7A4F7556}") = "Application", "Core\Application\Application.csproj", "{ECE2D098-5A48-42F9-93A5-A0CF00C7E9AB}"
EndProject
Project("{9A19103F-16F7-4668-BE54-9A1E7A4F7556}") = "Domain", "Core\Domain\Domain.csproj", "{3CF15447-0BEB-496F-A7B0-7B0804123D3D}"
EndProject
Project("{2150E333-8FDC-42A3-9474-1A3956D46DE8}") = "Infrastructure", "Infrastructure", "{65AC8E5E-A075-432B-A926-89C24B44D085}"
EndProject
Project("{FAE04EC0-301F-11D3-BF4B-00C04F79EFBC}") = "Infrastructure", "Infrastructure\Infrastructure\Infrastructure.csproj", "{D81A00EC-556F-470F-B21F-3CD3BB750C3D}"
EndProject
Project("{2150E333-8FDC-42A3-9474-1A3956D46DE8}") = "Presentation", "Presentation", "{70B484A8-7DC0-4C96-8D2F-4940420AF75F}"
EndProject
Project("{FAE04EC0-301F-11D3-BF4B-00C04F79EFBC}") = "WebApi", "Presentation\WebApi\WebApi.csproj", "{ED1F07F1-C847-40BE-88DB-41BC970D249B}"
EndProject
Global
	GlobalSection(SolutionConfigurationPlatforms) = preSolution
		Debug|Any CPU = Debug|Any CPU
		Release|Any CPU = Release|Any CPU
	EndGlobalSection
	GlobalSection(ProjectConfigurationPlatforms) = postSolution
		{ECE2D098-5A48-42F9-93A5-A0CF00C7E9AB}.Debug|Any CPU.ActiveCfg = Debug|Any CPU
		{ECE2D098-5A48-42F9-93A5-A0CF00C7E9AB}.Debug|Any CPU.Build.0 = Debug|Any CPU
		{ECE2D098-5A48-42F9-93A5-A0CF00C7E9AB}.Release|Any CPU.ActiveCfg = Release|Any CPU
		{ECE2D098-5A48-42F9-93A5-A0CF00C7E9AB}.Release|Any CPU.Build.0 = Release|Any CPU
		{3CF15447-0BEB-496F-A7B0-7B0804123D3D}.Debug|Any CPU.ActiveCfg = Debug|Any CPU
		{3CF15447-0BEB-496F-A7B0-7B0804123D3D}.Debug|Any CPU.Build.0 = Debug|Any CPU
		{3CF15447-0BEB-496F-A7B0-7B0804123D3D}.Release|Any CPU.ActiveCfg = Release|Any CPU
		{3CF15447-0BEB-496F-A7B0-7B0804123D3D}.Release|Any CPU.Build.0 = Release|Any CPU
		{D81A00EC-556F-470F-B21F-3CD3BB750C3D}.Debug|Any CPU.ActiveCfg = Debug|Any CPU
		{D81A00EC-556F-470F-B21F-3CD3BB750C3D}.Debug|Any CPU.Build.0 = Debug|Any CPU
		{D81A00EC-556F-470F-B21F-3CD3BB750C3D}.Release|Any CPU.ActiveCfg = Release|Any CPU
		{D81A00EC-556F-470F-B21F-3CD3BB750C3D}.Release|Any CPU.Build.0 = Release|Any CPU
		{ED1F07F1-C847-40BE-88DB-41BC970D249B}.Debug|Any CPU.ActiveCfg = Debug|Any CPU
		{ED1F07F1-C847-40BE-88DB-41BC970D249B}.Debug|Any CPU.Build.0 = Debug|Any CPU
		{ED1F07F1-C847-40BE-88DB-41BC970D249B}.Release|Any CPU.ActiveCfg = Release|Any CPU
		{ED1F07F1-C847-40BE-88DB-41BC970D249B}.Release|Any CPU.Build.0 = Release|Any CPU
	EndGlobalSection
	GlobalSection(SolutionProperties) = preSolution
		HideSolutionNode = FALSE
	EndGlobalSection
	GlobalSection(NestedProjects) = preSolution
		{ECE2D098-5A48-42F9-93A5-A0CF00C7E9AB} = {7033A246-4615-440B-8E6D-B444F5116FE3}
		{3CF15447-0BEB-496F-A7B0-7B0804123D3D} = {7033A246-4615-440B-8E6D-B444F5116FE3}
		{D81A00EC-556F-470F-B21F-3CD3BB750C3D} = {65AC8E5E-A075-432B-A926-89C24B44D085}
		{ED1F07F1-C847-40BE-88DB-41BC970D249B} = {70B484A8-7DC0-4C96-8D2F-4940420AF75F}
	EndGlobalSection
	GlobalSection(ExtensibilityGlobals) = postSolution
		SolutionGuid = {D42BCB0D-1C33-49A1-BEA2-E2D8FE3C5C32}
	EndGlobalSection
EndGlobal
